
Microsoft Visual Studio Solution File, Format Version 12.00
# Visual Studio 15
VisualStudioVersion = 15.0.28010.2041
MinimumVisualStudioVersion = 10.0.40219.1
Project("{9A19103F-16F7-4668-BE54-9A1E7A4F7556}") = "RhombusOfStars", "RhombusOfStars\RhombusOfStars.csproj", "{C8C143ED-B3E2-49BD-96A9-BBB3F53B9704}"
EndProject
Project("{9A19103F-16F7-4668-BE54-9A1E7A4F7556}") = "StudentSystem", "StudentSystem\StudentSystem.csproj", "{9F5EAF72-08FB-44EA-ACE7-87F45F8EE9D2}"
EndProject
Project("{FAE04EC0-301F-11D3-BF4B-00C04F79EFBC}") = "HotelReservation", "HotelReservation\HotelReservation.csproj", "{CFBCD0D7-6119-473D-9E85-C11EA95E82F2}"
EndProject
Global
	GlobalSection(SolutionConfigurationPlatforms) = preSolution
		Debug|Any CPU = Debug|Any CPU
		Release|Any CPU = Release|Any CPU
	EndGlobalSection
	GlobalSection(ProjectConfigurationPlatforms) = postSolution
		{C8C143ED-B3E2-49BD-96A9-BBB3F53B9704}.Debug|Any CPU.ActiveCfg = Debug|Any CPU
		{C8C143ED-B3E2-49BD-96A9-BBB3F53B9704}.Debug|Any CPU.Build.0 = Debug|Any CPU
		{C8C143ED-B3E2-49BD-96A9-BBB3F53B9704}.Release|Any CPU.ActiveCfg = Release|Any CPU
		{C8C143ED-B3E2-49BD-96A9-BBB3F53B9704}.Release|Any CPU.Build.0 = Release|Any CPU
		{9F5EAF72-08FB-44EA-ACE7-87F45F8EE9D2}.Debug|Any CPU.ActiveCfg = Debug|Any CPU
		{9F5EAF72-08FB-44EA-ACE7-87F45F8EE9D2}.Debug|Any CPU.Build.0 = Debug|Any CPU
		{9F5EAF72-08FB-44EA-ACE7-87F45F8EE9D2}.Release|Any CPU.ActiveCfg = Release|Any CPU
		{9F5EAF72-08FB-44EA-ACE7-87F45F8EE9D2}.Release|Any CPU.Build.0 = Release|Any CPU
		{CFBCD0D7-6119-473D-9E85-C11EA95E82F2}.Debug|Any CPU.ActiveCfg = Debug|Any CPU
		{CFBCD0D7-6119-473D-9E85-C11EA95E82F2}.Debug|Any CPU.Build.0 = Debug|Any CPU
		{CFBCD0D7-6119-473D-9E85-C11EA95E82F2}.Release|Any CPU.ActiveCfg = Release|Any CPU
		{CFBCD0D7-6119-473D-9E85-C11EA95E82F2}.Release|Any CPU.Build.0 = Release|Any CPU
	EndGlobalSection
	GlobalSection(SolutionProperties) = preSolution
		HideSolutionNode = FALSE
	EndGlobalSection
	GlobalSection(ExtensibilityGlobals) = postSolution
		SolutionGuid = {5635855E-069C-46E3-B9DE-47653E2AF41C}
	EndGlobalSection
EndGlobal
