
Microsoft Visual Studio Solution File, Format Version 12.00
# Visual Studio 14
VisualStudioVersion = 14.0.25420.1
MinimumVisualStudioVersion = 10.0.40219.1
Project("{FAE04EC0-301F-11D3-BF4B-00C04F79EFBC}") = "UniqueUsernames", "UniqueUsernames\UniqueUsernames.csproj", "{55924A84-EC95-4EDD-BE86-3E01DEBF05A5}"
EndProject
Project("{FAE04EC0-301F-11D3-BF4B-00C04F79EFBC}") = "SetsOfElements", "Setsof Elements\SetsOfElements.csproj", "{43015B7C-BC32-423C-8CCB-84C3304580BB}"
EndProject
Global
	GlobalSection(SolutionConfigurationPlatforms) = preSolution
		Debug|Any CPU = Debug|Any CPU
		Release|Any CPU = Release|Any CPU
	EndGlobalSection
	GlobalSection(ProjectConfigurationPlatforms) = postSolution
		{55924A84-EC95-4EDD-BE86-3E01DEBF05A5}.Debug|Any CPU.ActiveCfg = Debug|Any CPU
		{55924A84-EC95-4EDD-BE86-3E01DEBF05A5}.Debug|Any CPU.Build.0 = Debug|Any CPU
		{55924A84-EC95-4EDD-BE86-3E01DEBF05A5}.Release|Any CPU.ActiveCfg = Release|Any CPU
		{55924A84-EC95-4EDD-BE86-3E01DEBF05A5}.Release|Any CPU.Build.0 = Release|Any CPU
		{43015B7C-BC32-423C-8CCB-84C3304580BB}.Debug|Any CPU.ActiveCfg = Debug|Any CPU
		{43015B7C-BC32-423C-8CCB-84C3304580BB}.Debug|Any CPU.Build.0 = Debug|Any CPU
		{43015B7C-BC32-423C-8CCB-84C3304580BB}.Release|Any CPU.ActiveCfg = Release|Any CPU
		{43015B7C-BC32-423C-8CCB-84C3304580BB}.Release|Any CPU.Build.0 = Release|Any CPU
	EndGlobalSection
	GlobalSection(SolutionProperties) = preSolution
		HideSolutionNode = FALSE
	EndGlobalSection
EndGlobal
